
Microsoft Visual Studio Solution File, Format Version 12.00
# Visual Studio Version 16
VisualStudioVersion = 16.0.29409.12
MinimumVisualStudioVersion = 10.0.40219.1
Project("{00D1A9C2-B5F0-4AF3-8072-F6C62B433612}") = "DataWarehouse.Database", "DataWarehouse.Database\DataWarehouse.Database.sqlproj", "{A1162772-DF38-4F2A-8BD1-E4FE3E76556A}"
EndProject
Project("{FAE04EC0-301F-11D3-BF4B-00C04F79EFBC}") = "DataWarehouse.UnitTests", "DataWarehouse.UnitTests\DataWarehouse.UnitTests.csproj", "{97BA5C9B-7B15-4234-829D-78CBFD94554D}"
EndProject
Global
	GlobalSection(SolutionConfigurationPlatforms) = preSolution
		Debug|Any CPU = Debug|Any CPU
		Release|Any CPU = Release|Any CPU
	EndGlobalSection
	GlobalSection(ProjectConfigurationPlatforms) = postSolution
		{A1162772-DF38-4F2A-8BD1-E4FE3E76556A}.Debug|Any CPU.ActiveCfg = Debug|Any CPU
		{A1162772-DF38-4F2A-8BD1-E4FE3E76556A}.Debug|Any CPU.Build.0 = Debug|Any CPU
		{A1162772-DF38-4F2A-8BD1-E4FE3E76556A}.Debug|Any CPU.Deploy.0 = Debug|Any CPU
		{A1162772-DF38-4F2A-8BD1-E4FE3E76556A}.Release|Any CPU.ActiveCfg = Release|Any CPU
		{A1162772-DF38-4F2A-8BD1-E4FE3E76556A}.Release|Any CPU.Build.0 = Release|Any CPU
		{A1162772-DF38-4F2A-8BD1-E4FE3E76556A}.Release|Any CPU.Deploy.0 = Release|Any CPU
		{97BA5C9B-7B15-4234-829D-78CBFD94554D}.Debug|Any CPU.ActiveCfg = Debug|Any CPU
		{97BA5C9B-7B15-4234-829D-78CBFD94554D}.Debug|Any CPU.Build.0 = Debug|Any CPU
		{97BA5C9B-7B15-4234-829D-78CBFD94554D}.Release|Any CPU.ActiveCfg = Release|Any CPU
		{97BA5C9B-7B15-4234-829D-78CBFD94554D}.Release|Any CPU.Build.0 = Release|Any CPU
	EndGlobalSection
	GlobalSection(SolutionProperties) = preSolution
		HideSolutionNode = FALSE
	EndGlobalSection
	GlobalSection(ExtensibilityGlobals) = postSolution
		SolutionGuid = {DE350E09-BD7C-4976-A507-457F3CF7140B}
	EndGlobalSection
EndGlobal
